
Microsoft Visual Studio Solution File, Format Version 12.00
# Visual Studio 15
VisualStudioVersion = 15.0.28307.1000
MinimumVisualStudioVersion = 10.0.40219.1
Project("{FAE04EC0-301F-11D3-BF4B-00C04F79EFBC}") = "BasicApplication", "BasicApplication\BasicApplication.csproj", "{3B61C73F-D861-4E42-99BB-EB9C7D2C4AB3}"
EndProject
Global
	GlobalSection(SolutionConfigurationPlatforms) = preSolution
		Debug|Any CPU = Debug|Any CPU
		Release|Any CPU = Release|Any CPU
	EndGlobalSection
	GlobalSection(ProjectConfigurationPlatforms) = postSolution
		{3B61C73F-D861-4E42-99BB-EB9C7D2C4AB3}.Debug|Any CPU.ActiveCfg = Debug|Any CPU
		{3B61C73F-D861-4E42-99BB-EB9C7D2C4AB3}.Debug|Any CPU.Build.0 = Debug|Any CPU
		{3B61C73F-D861-4E42-99BB-EB9C7D2C4AB3}.Release|Any CPU.ActiveCfg = Release|Any CPU
		{3B61C73F-D861-4E42-99BB-EB9C7D2C4AB3}.Release|Any CPU.Build.0 = Release|Any CPU
	EndGlobalSection
	GlobalSection(SolutionProperties) = preSolution
		HideSolutionNode = FALSE
	EndGlobalSection
	GlobalSection(ExtensibilityGlobals) = postSolution
		SolutionGuid = {3350A2EC-7536-4493-8284-9C829F31F5E7}
	EndGlobalSection
EndGlobal
